<?xml version="1.0" encoding="utf-8"?>
<Project ToolsVersion="4.0" xmlns="http://schemas.microsoft.com/developer/msbuild/2003">
  <ItemGroup>
    <Filter Include="Source Files">
      <UniqueIdentifier>{fe8c3677-4426-47d3-b092-d395e1887a8a}</UniqueIdentifier>
      <Extensions>cpp;c;cxx;rc;def;r;odl;idl;hpj;bat</Extensions>
    </Filter>
    <Filter Include="Header Files">
      <UniqueIdentifier>{ada6b66d-8b31-4d76-bde4-5f4e60b3cd98}</UniqueIdentifier>
      <Extensions>h;hpp;hxx;hm;inl</Extensions>
    </Filter>
  </ItemGroup>
  <ItemGroup>
    <ClCompile Include="..\src\comperr.c">
      <Filter>Source Files</Filter>
    </ClCompile>
    <ClCompile Include="..\src\compile.c">
      <Filter>Source Files</Filter>
    </ClCompile>
    <ClCompile Include="..\src\expn.c">
      <Filter>Source Files</Filter>
    </ClCompile>
    <ClCompile Include="..\src\lists.c">
      <Filter>Source Files</Filter>
    </ClCompile>
    <ClCompile Include="..\src\memory.c">
      <Filter>Source Files</Filter>
    </ClCompile>
    <ClCompile Include="..\src\parser.c">
      <Filter>Source Files</Filter>
    </ClCompile>
    <ClCompile Include="..\src\predef.c">
      <Filter>Source Files</Filter>
    </ClCompile>
    <ClCompile Include="..\src\prescan.c">
      <Filter>Source Files</Filter>
    </ClCompile>
    <ClCompile Include="..\src\scanner.c">
      <Filter>Source Files</Filter>
    </ClCompile>
    <ClCompile Include="..\src\scope.c">
      <Filter>Source Files</Filter>
    </ClCompile>
    <ClCompile Include="..\src\symbol.c">
      <Filter>Source Files</Filter>
    </ClCompile>
    <ClCompile Include="..\src\typedecl.c">
      <Filter>Source Files</Filter>
    </ClCompile>
    <ClCompile Include="..\src\types.c">
      <Filter>Source Files</Filter>
    </ClCompile>
    <ClCompile Include="..\src\util.c">
      <Filter>Source Files</Filter>
    </ClCompile>
    <ClCompile Include="..\src\value.c">
      <Filter>Source Files</Filter>
    </ClCompile>
  </ItemGroup>
  <ItemGroup>
    <None Include="..\src\cinterface">
      <Filter>Header Files</Filter>
    </None>
  </ItemGroup>
</Project>