<?xml version="1.0" encoding="utf-8"?>
<Project ToolsVersion="4.0" xmlns="http://schemas.microsoft.com/developer/msbuild/2003">
  <ItemGroup>
    <Filter Include="Source Files">
      <UniqueIdentifier>{ca0bc3dc-f5af-49de-84b0-b8a6305900fe}</UniqueIdentifier>
      <Extensions>cpp;c;cxx;rc;def;r;odl;idl;hpj;bat</Extensions>
    </Filter>
    <Filter Include="Header Files">
      <UniqueIdentifier>{510e96c6-741b-48f6-a1ba-e2148ee87fa8}</UniqueIdentifier>
      <Extensions>h;hpp;hxx;hm;inl</Extensions>
    </Filter>
  </ItemGroup>
  <ItemGroup>
    <ClCompile Include="..\..\ready\src\ed.c">
      <Filter>Source Files</Filter>
    </ClCompile>
    <ClCompile Include="..\..\ready\src\edbbar.c">
      <Filter>Source Files</Filter>
    </ClCompile>
    <ClCompile Include="..\..\ready\src\edcrash.c">
      <Filter>Source Files</Filter>
    </ClCompile>
    <ClCompile Include="..\..\ready\src\eddde.c">
      <Filter>Source Files</Filter>
    </ClCompile>
    <ClCompile Include="..\..\ready\src\eddisp.c">
      <Filter>Source Files</Filter>
    </ClCompile>
    <ClCompile Include="..\..\ready\src\ederr.c">
      <Filter>Source Files</Filter>
    </ClCompile>
    <ClCompile Include="..\..\ready\src\edfail.c">
      <Filter>Source Files</Filter>
    </ClCompile>
    <ClCompile Include="..\..\ready\src\edfalse.c">
      <Filter>Source Files</Filter>
    </ClCompile>
    <ClCompile Include="..\..\ready\src\edfile.c">
      <Filter>Source Files</Filter>
    </ClCompile>
    <ClCompile Include="..\..\ready\src\edglob.c">
      <Filter>Source Files</Filter>
    </ClCompile>
    <ClCompile Include="..\..\ready\src\edgui.c">
      <Filter>Source Files</Filter>
    </ClCompile>
    <ClCompile Include="..\src\edint.c">
      <Filter>Source Files</Filter>
    </ClCompile>
    <ClCompile Include="..\..\ready\src\edjava.c">
      <Filter>Source Files</Filter>
    </ClCompile>
    <ClCompile Include="..\..\ready\src\edlog.c">
      <Filter>Source Files</Filter>
    </ClCompile>
    <ClCompile Include="..\..\ready\src\edmenu.c">
      <Filter>Source Files</Filter>
    </ClCompile>
    <ClCompile Include="..\..\ready\src\edprint.c">
      <Filter>Source Files</Filter>
    </ClCompile>
    <ClCompile Include="..\..\ready\src\edprog.c">
      <Filter>Source Files</Filter>
    </ClCompile>
    <ClCompile Include="..\..\ready\src\edprop.c">
      <Filter>Source Files</Filter>
    </ClCompile>
    <ClCompile Include="..\..\ready\src\edrec.c">
      <Filter>Source Files</Filter>
    </ClCompile>
    <ClCompile Include="..\..\ready\src\edreg.c">
      <Filter>Source Files</Filter>
    </ClCompile>
    <ClCompile Include="..\src\edrun.c">
      <Filter>Source Files</Filter>
    </ClCompile>
    <ClCompile Include="..\..\ready\src\edsearch.c">
      <Filter>Source Files</Filter>
    </ClCompile>
    <ClCompile Include="..\..\ready\src\edsplash.c">
      <Filter>Source Files</Filter>
    </ClCompile>
    <ClCompile Include="..\..\ready\src\edstat.c">
      <Filter>Source Files</Filter>
    </ClCompile>
    <ClCompile Include="..\..\ready\src\edtext.c">
      <Filter>Source Files</Filter>
    </ClCompile>
    <ClCompile Include="..\..\ready\src\edtur.c">
      <Filter>Source Files</Filter>
    </ClCompile>
    <ClCompile Include="..\..\ready\src\edwin.c">
      <Filter>Source Files</Filter>
    </ClCompile>
  </ItemGroup>
  <ItemGroup>
    <None Include="..\..\ready\src\edkeywords.in">
      <Filter>Source Files</Filter>
    </None>
  </ItemGroup>
  <ItemGroup>
    <ClInclude Include="..\..\ready\src\ed.h">
      <Filter>Header Files</Filter>
    </ClInclude>
    <ClInclude Include="..\..\ready\src\edbbar.h">
      <Filter>Header Files</Filter>
    </ClInclude>
    <ClInclude Include="..\..\ready\src\edcrash.h">
      <Filter>Header Files</Filter>
    </ClInclude>
    <ClInclude Include="..\..\ready\src\eddde.h">
      <Filter>Header Files</Filter>
    </ClInclude>
    <ClInclude Include="..\..\ready\src\eddisp.h">
      <Filter>Header Files</Filter>
    </ClInclude>
    <ClInclude Include="..\..\ready\src\ederr.h">
      <Filter>Header Files</Filter>
    </ClInclude>
    <ClInclude Include="..\..\ready\src\edfail.h">
      <Filter>Header Files</Filter>
    </ClInclude>
    <ClInclude Include="..\..\ready\src\edfalse.h">
      <Filter>Header Files</Filter>
    </ClInclude>
    <ClInclude Include="..\..\ready\src\edfile.h">
      <Filter>Header Files</Filter>
    </ClInclude>
    <ClInclude Include="..\..\ready\src\edglob.h">
      <Filter>Header Files</Filter>
    </ClInclude>
    <ClInclude Include="..\..\ready\src\edgui.h">
      <Filter>Header Files</Filter>
    </ClInclude>
    <ClInclude Include="src\edint.h">
      <Filter>Header Files</Filter>
    </ClInclude>
    <ClInclude Include="..\..\ready\src\edjava.h">
      <Filter>Header Files</Filter>
    </ClInclude>
    <ClInclude Include="..\..\ready\src\edlog.h">
      <Filter>Header Files</Filter>
    </ClInclude>
    <ClInclude Include="..\..\ready\src\edmenu.h">
      <Filter>Header Files</Filter>
    </ClInclude>
    <ClInclude Include="..\..\ready\src\edprint.h">
      <Filter>Header Files</Filter>
    </ClInclude>
    <ClInclude Include="..\..\ready\src\edprog.h">
      <Filter>Header Files</Filter>
    </ClInclude>
    <ClInclude Include="..\..\ready\src\edprop.h">
      <Filter>Header Files</Filter>
    </ClInclude>
    <ClInclude Include="..\..\ready\src\edrec.h">
      <Filter>Header Files</Filter>
    </ClInclude>
    <ClInclude Include="..\..\ready\src\edreg.h">
      <Filter>Header Files</Filter>
    </ClInclude>
    <ClInclude Include="..\..\ready\src\edrun.h">
      <Filter>Header Files</Filter>
    </ClInclude>
    <ClInclude Include="..\..\ready\src\edsearch.h">
      <Filter>Header Files</Filter>
    </ClInclude>
    <ClInclude Include="..\..\ready\src\edsplash.h">
      <Filter>Header Files</Filter>
    </ClInclude>
    <ClInclude Include="..\..\ready\src\edstat.h">
      <Filter>Header Files</Filter>
    </ClInclude>
    <ClInclude Include="..\..\ready\src\edtext.h">
      <Filter>Header Files</Filter>
    </ClInclude>
    <ClInclude Include="..\..\ready\src\edtur.h">
      <Filter>Header Files</Filter>
    </ClInclude>
    <ClInclude Include="..\..\ready\src\edwin.h">
      <Filter>Header Files</Filter>
    </ClInclude>
  </ItemGroup>
</Project>