<?xml version="1.0" encoding="utf-8"?>
<Project ToolsVersion="4.0" xmlns="http://schemas.microsoft.com/developer/msbuild/2003">
  <ItemGroup>
    <Filter Include="Source Files">
      <UniqueIdentifier>{080db389-8233-46c5-8d95-50b6c17e51c1}</UniqueIdentifier>
      <Extensions>cpp;c;cxx;rc;def;r;odl;idl;hpj;bat</Extensions>
    </Filter>
    <Filter Include="Header Files">
      <UniqueIdentifier>{ab984a15-dfd1-4e4b-a829-845ba688e5e5}</UniqueIdentifier>
      <Extensions>h;hpp;hxx;hm;inl</Extensions>
    </Filter>
  </ItemGroup>
  <ItemGroup>
    <ClCompile Include="..\src\event.c">
      <Filter>Source Files</Filter>
    </ClCompile>
    <ClCompile Include="..\src\execute.c">
      <Filter>Source Files</Filter>
    </ClCompile>
    <ClCompile Include="..\src\graphics.c">
      <Filter>Source Files</Filter>
    </ClCompile>
    <ClCompile Include="..\src\heap.c">
      <Filter>Source Files</Filter>
    </ClCompile>
    <ClCompile Include="..\src\kernel.c">
      <Filter>Source Files</Filter>
    </ClCompile>
    <ClCompile Include="..\src\limits.c">
      <Filter>Source Files</Filter>
    </ClCompile>
    <ClCompile Include="..\src\math.c">
      <Filter>Source Files</Filter>
    </ClCompile>
    <ClCompile Include="..\src\mt.c">
      <Filter>Source Files</Filter>
    </ClCompile>
    <ClCompile Include="..\src\run.c">
      <Filter>Source Files</Filter>
    </ClCompile>
    <ClCompile Include="..\src\star.c">
      <Filter>Source Files</Filter>
    </ClCompile>
    <ClCompile Include="..\src\string.c">
      <Filter>Source Files</Filter>
    </ClCompile>
    <ClCompile Include="..\src\system.c">
      <Filter>Source Files</Filter>
    </ClCompile>
  </ItemGroup>
  <ItemGroup>
    <None Include="..\src\cinterface">
      <Filter>Header Files</Filter>
    </None>
  </ItemGroup>
</Project>