<?xml version="1.0" encoding="utf-8"?>
<Project ToolsVersion="4.0" xmlns="http://schemas.microsoft.com/developer/msbuild/2003">
  <ItemGroup>
    <Filter Include="Source Files">
      <UniqueIdentifier>{9ff45563-7207-45df-a7be-75b2853b5f1e}</UniqueIdentifier>
      <Extensions>cpp;c;cxx;rc;def;r;odl;idl;hpj;bat</Extensions>
    </Filter>
    <Filter Include="Header Files">
      <UniqueIdentifier>{a9112325-d33f-45d6-a8cd-32d413a89cbb}</UniqueIdentifier>
      <Extensions>h;hpp;hxx;hm;inl</Extensions>
    </Filter>
  </ItemGroup>
  <ItemGroup>
    <ClCompile Include="..\src\libungif\dev2gif.c">
      <Filter>Source Files</Filter>
    </ClCompile>
    <ClCompile Include="..\src\libungif\dgif_lib.c">
      <Filter>Source Files</Filter>
    </ClCompile>
    <ClCompile Include="..\src\libungif\egif_lib.c">
      <Filter>Source Files</Filter>
    </ClCompile>
    <ClCompile Include="..\src\libungif\getarg.c">
      <Filter>Source Files</Filter>
    </ClCompile>
    <ClCompile Include="..\src\libungif\gif_err.c">
      <Filter>Source Files</Filter>
    </ClCompile>
    <ClCompile Include="..\src\libungif\gif_font.c">
      <Filter>Source Files</Filter>
    </ClCompile>
    <ClCompile Include="..\src\libungif\gifalloc.c">
      <Filter>Source Files</Filter>
    </ClCompile>
    <ClCompile Include="..\src\libungif\qprintf.c">
      <Filter>Source Files</Filter>
    </ClCompile>
    <ClCompile Include="..\src\libungif\quantize.c">
      <Filter>Source Files</Filter>
    </ClCompile>
  </ItemGroup>
  <ItemGroup>
    <ClInclude Include="..\src\libungif\getarg.h">
      <Filter>Header Files</Filter>
    </ClInclude>
    <ClInclude Include="..\src\libungif\gif_lib.h">
      <Filter>Header Files</Filter>
    </ClInclude>
    <ClInclude Include="..\src\libungif\gif_lib_private.h">
      <Filter>Header Files</Filter>
    </ClInclude>
  </ItemGroup>
</Project>