<?xml version="1.0" encoding="utf-8"?>
<Project ToolsVersion="4.0" xmlns="http://schemas.microsoft.com/developer/msbuild/2003">
  <ItemGroup>
    <Filter Include="Source Files">
      <UniqueIdentifier>{dbd12523-e5a8-45e9-9a44-c0148a1a3e7e}</UniqueIdentifier>
      <Extensions>cpp;c;cxx;rc;def;r;odl;idl;hpj;bat</Extensions>
    </Filter>
    <Filter Include="Header Files">
      <UniqueIdentifier>{8736a61f-0015-467a-9f1a-ad2a3c99b475}</UniqueIdentifier>
      <Extensions>h;hpp;hxx;hm;inl</Extensions>
    </Filter>
  </ItemGroup>
  <ItemGroup>
    <ClCompile Include="..\src\mdio.c">
      <Filter>Source Files</Filter>
    </ClCompile>
    <ClCompile Include="..\src\mdioconfig.c">
      <Filter>Source Files</Filter>
    </ClCompile>
    <ClCompile Include="..\src\mdiodir.c">
      <Filter>Source Files</Filter>
    </ClCompile>
    <ClCompile Include="..\src\mdiodlg.c">
      <Filter>Source Files</Filter>
    </ClCompile>
    <ClCompile Include="..\src\mdiodraw.c">
      <Filter>Source Files</Filter>
    </ClCompile>
    <ClCompile Include="..\src\mdiofile.c">
      <Filter>Source Files</Filter>
    </ClCompile>
    <ClCompile Include="..\src\mdiofont.c">
      <Filter>Source Files</Filter>
    </ClCompile>
    <ClCompile Include="..\src\mdiogui.c">
      <Filter>Source Files</Filter>
    </ClCompile>
    <ClCompile Include="..\src\mdiojoy.c">
      <Filter>Source Files</Filter>
    </ClCompile>
    <ClCompile Include="..\src\mdiomusic.c">
      <Filter>Source Files</Filter>
    </ClCompile>
    <ClCompile Include="..\src\mdionet.c">
      <Filter>Source Files</Filter>
    </ClCompile>
    <ClCompile Include="..\src\mdiopc.c">
      <Filter>Source Files</Filter>
    </ClCompile>
    <ClCompile Include="..\src\mdiopic.c">
      <Filter>Source Files</Filter>
    </ClCompile>
    <ClCompile Include="..\src\mdiopicgif.c">
      <Filter>Source Files</Filter>
    </ClCompile>
    <ClCompile Include="..\src\mdiopicjpeg.c">
      <Filter>Source Files</Filter>
    </ClCompile>
    <ClCompile Include="..\src\mdiorgb.c">
      <Filter>Source Files</Filter>
    </ClCompile>
    <ClCompile Include="..\src\mdiosprite.c">
      <Filter>Source Files</Filter>
    </ClCompile>
    <ClCompile Include="..\src\mdiosys.c">
      <Filter>Source Files</Filter>
    </ClCompile>
    <ClCompile Include="..\src\mdiotime.c">
      <Filter>Source Files</Filter>
    </ClCompile>
    <ClCompile Include="..\src\mdioutil.c">
      <Filter>Source Files</Filter>
    </ClCompile>
    <ClCompile Include="..\src\mdiowin.c">
      <Filter>Source Files</Filter>
    </ClCompile>
    <ClCompile Include="..\src\mdiowindlg.c">
      <Filter>Source Files</Filter>
    </ClCompile>
    <ClCompile Include="..\src\mdiowingraph.c">
      <Filter>Source Files</Filter>
    </ClCompile>
    <ClCompile Include="..\src\mdiowintext.c">
      <Filter>Source Files</Filter>
    </ClCompile>
    <ClCompile Include="..\src\mdiowintop.c">
      <Filter>Source Files</Filter>
    </ClCompile>
    <ClCompile Include="..\src\mio.c">
      <Filter>Source Files</Filter>
    </ClCompile>
    <ClCompile Include="..\src\mioconfig.c">
      <Filter>Source Files</Filter>
    </ClCompile>
    <ClCompile Include="..\src\miocrypto.c">
      <Filter>Source Files</Filter>
    </ClCompile>
    <ClCompile Include="..\src\miodir.c">
      <Filter>Source Files</Filter>
    </ClCompile>
    <ClCompile Include="..\src\miodlg.c">
      <Filter>Source Files</Filter>
    </ClCompile>
    <ClCompile Include="..\src\miodraw.c">
      <Filter>Source Files</Filter>
    </ClCompile>
    <ClCompile Include="..\src\mioerror.c">
      <Filter>Source Files</Filter>
    </ClCompile>
    <ClCompile Include="..\src\miofile.c">
      <Filter>Source Files</Filter>
    </ClCompile>
    <ClCompile Include="..\src\miofont.c">
      <Filter>Source Files</Filter>
    </ClCompile>
    <ClCompile Include="..\src\miogui.c">
      <Filter>Source Files</Filter>
    </ClCompile>
    <ClCompile Include="..\src\miojoy.c">
      <Filter>Source Files</Filter>
    </ClCompile>
    <ClCompile Include="..\src\miolexer.c">
      <Filter>Source Files</Filter>
    </ClCompile>
    <ClCompile Include="..\src\miomouse.c">
      <Filter>Source Files</Filter>
    </ClCompile>
    <ClCompile Include="..\src\miomusic.c">
      <Filter>Source Files</Filter>
    </ClCompile>
    <ClCompile Include="..\src\mionet.c">
      <Filter>Source Files</Filter>
    </ClCompile>
    <ClCompile Include="..\src\miopc.c">
      <Filter>Source Files</Filter>
    </ClCompile>
    <ClCompile Include="..\src\miopic.c">
      <Filter>Source Files</Filter>
    </ClCompile>
    <ClCompile Include="..\src\miorgb.c">
      <Filter>Source Files</Filter>
    </ClCompile>
    <ClCompile Include="..\src\miosprite.c">
      <Filter>Source Files</Filter>
    </ClCompile>
    <ClCompile Include="..\src\miosys.c">
      <Filter>Source Files</Filter>
    </ClCompile>
    <ClCompile Include="..\src\miotext.c">
      <Filter>Source Files</Filter>
    </ClCompile>
    <ClCompile Include="..\src\miotime.c">
      <Filter>Source Files</Filter>
    </ClCompile>
    <ClCompile Include="..\src\mioview.c">
      <Filter>Source Files</Filter>
    </ClCompile>
    <ClCompile Include="..\src\miowin.c">
      <Filter>Source Files</Filter>
    </ClCompile>
    <ClCompile Include="..\src\miowindlg.c">
      <Filter>Source Files</Filter>
    </ClCompile>
    <ClCompile Include="..\src\miowindow.c">
      <Filter>Source Files</Filter>
    </ClCompile>
    <ClCompile Include="..\src\miowingraph.c">
      <Filter>Source Files</Filter>
    </ClCompile>
    <ClCompile Include="..\src\miowintext.c">
      <Filter>Source Files</Filter>
    </ClCompile>
    <ClCompile Include="..\src\miowrapper.c">
      <Filter>Source Files</Filter>
    </ClCompile>
    <ClCompile Include="..\src\hashmap.c">
      <Filter>Source Files</Filter>
    </ClCompile>
    <ClCompile Include="..\src\miohashmap.c">
      <Filter>Source Files</Filter>
    </ClCompile>
    <ClCompile Include="..\src\mioglgraph.c">
      <Filter>Source Files</Filter>
    </ClCompile>
  </ItemGroup>
  <ItemGroup>
    <None Include="..\src\mioerrmsg.in">
      <Filter>Source Files</Filter>
    </None>
    <None Include="..\src\mioerrstr.in">
      <Filter>Source Files</Filter>
    </None>
    <None Include="..\src\miolexread.in">
      <Filter>Source Files</Filter>
    </None>
    <None Include="..\src\miolexscan.in">
      <Filter>Source Files</Filter>
    </None>
  </ItemGroup>
  <ItemGroup>
    <ClInclude Include="..\ready\src\ederr.h">
      <Filter>Header Files</Filter>
    </ClInclude>
    <ClInclude Include="..\src\edint.h">
      <Filter>Header Files</Filter>
    </ClInclude>
    <ClInclude Include="..\ready\src\edtext.h">
      <Filter>Header Files</Filter>
    </ClInclude>
    <ClInclude Include="..\src\fileman.h">
      <Filter>Header Files</Filter>
    </ClInclude>
    <ClInclude Include="..\src\libungif\gif_lib.h">
      <Filter>Header Files</Filter>
    </ClInclude>
    <ClInclude Include="..\src\jpeg-6b\jconfig.h">
      <Filter>Header Files</Filter>
    </ClInclude>
    <ClInclude Include="..\src\jpeg-6b\jerror.h">
      <Filter>Header Files</Filter>
    </ClInclude>
    <ClInclude Include="..\src\jpeg-6b\jmorecfg.h">
      <Filter>Header Files</Filter>
    </ClInclude>
    <ClInclude Include="..\src\jpeg-6b\jpeglib.h">
      <Filter>Header Files</Filter>
    </ClInclude>
    <ClInclude Include="..\src\language.h">
      <Filter>Header Files</Filter>
    </ClInclude>
    <ClInclude Include="..\src\levent.h">
      <Filter>Header Files</Filter>
    </ClInclude>
    <ClInclude Include="..\src\mdio.h">
      <Filter>Header Files</Filter>
    </ClInclude>
    <ClInclude Include="..\src\mdioconfig.h">
      <Filter>Header Files</Filter>
    </ClInclude>
    <ClInclude Include="..\src\mdiodir.h">
      <Filter>Header Files</Filter>
    </ClInclude>
    <ClInclude Include="..\src\mdiodlg.h">
      <Filter>Header Files</Filter>
    </ClInclude>
    <ClInclude Include="..\src\mdiodraw.h">
      <Filter>Header Files</Filter>
    </ClInclude>
    <ClInclude Include="..\src\mdiofile.h">
      <Filter>Header Files</Filter>
    </ClInclude>
    <ClInclude Include="..\src\mdiofont.h">
      <Filter>Header Files</Filter>
    </ClInclude>
    <ClInclude Include="..\src\mdiogui.h">
      <Filter>Header Files</Filter>
    </ClInclude>
    <ClInclude Include="..\src\mdiojoy.h">
      <Filter>Header Files</Filter>
    </ClInclude>
    <ClInclude Include="..\src\mdiomusic.h">
      <Filter>Header Files</Filter>
    </ClInclude>
    <ClInclude Include="..\src\mdionet.h">
      <Filter>Header Files</Filter>
    </ClInclude>
    <ClInclude Include="..\src\mdiopc.h">
      <Filter>Header Files</Filter>
    </ClInclude>
    <ClInclude Include="..\src\mdiopic.h">
      <Filter>Header Files</Filter>
    </ClInclude>
    <ClInclude Include="..\src\mdiopicgif.h">
      <Filter>Header Files</Filter>
    </ClInclude>
    <ClInclude Include="..\src\mdiopicjpeg.h">
      <Filter>Header Files</Filter>
    </ClInclude>
    <ClInclude Include="..\src\mdiorgb.h">
      <Filter>Header Files</Filter>
    </ClInclude>
    <ClInclude Include="..\src\mdiosprite.h">
      <Filter>Header Files</Filter>
    </ClInclude>
    <ClInclude Include="..\src\mdiosys.h">
      <Filter>Header Files</Filter>
    </ClInclude>
    <ClInclude Include="..\src\mdiotime.h">
      <Filter>Header Files</Filter>
    </ClInclude>
    <ClInclude Include="..\src\mdioutil.h">
      <Filter>Header Files</Filter>
    </ClInclude>
    <ClInclude Include="..\src\mdiowin.h">
      <Filter>Header Files</Filter>
    </ClInclude>
    <ClInclude Include="..\src\mdiowindlg.h">
      <Filter>Header Files</Filter>
    </ClInclude>
    <ClInclude Include="..\src\mdiowingraph.h">
      <Filter>Header Files</Filter>
    </ClInclude>
    <ClInclude Include="..\src\mdiowintext.h">
      <Filter>Header Files</Filter>
    </ClInclude>
    <ClInclude Include="..\src\mdiowintop.h">
      <Filter>Header Files</Filter>
    </ClInclude>
    <ClInclude Include="..\src\mio.h">
      <Filter>Header Files</Filter>
    </ClInclude>
    <ClInclude Include="..\src\miocommands.h">
      <Filter>Header Files</Filter>
    </ClInclude>
    <ClInclude Include="..\src\mioconfig.h">
      <Filter>Header Files</Filter>
    </ClInclude>
    <ClInclude Include="..\src\miocrypto.h">
      <Filter>Header Files</Filter>
    </ClInclude>
    <ClInclude Include="..\src\miodialogs.h">
      <Filter>Header Files</Filter>
    </ClInclude>
    <ClInclude Include="..\src\miodir.h">
      <Filter>Header Files</Filter>
    </ClInclude>
    <ClInclude Include="..\src\miodlg.h">
      <Filter>Header Files</Filter>
    </ClInclude>
    <ClInclude Include="..\src\miodraw.h">
      <Filter>Header Files</Filter>
    </ClInclude>
    <ClInclude Include="..\src\mioerr.h">
      <Filter>Header Files</Filter>
    </ClInclude>
    <ClInclude Include="..\src\mioerror.h">
      <Filter>Header Files</Filter>
    </ClInclude>
    <ClInclude Include="..\src\miofile.h">
      <Filter>Header Files</Filter>
    </ClInclude>
    <ClInclude Include="..\src\miofont.h">
      <Filter>Header Files</Filter>
    </ClInclude>
    <ClInclude Include="..\src\miogui.h">
      <Filter>Header Files</Filter>
    </ClInclude>
    <ClInclude Include="..\src\miojoy.h">
      <Filter>Header Files</Filter>
    </ClInclude>
    <ClInclude Include="..\src\miolexer.h">
      <Filter>Header Files</Filter>
    </ClInclude>
    <ClInclude Include="..\src\miomouse.h">
      <Filter>Header Files</Filter>
    </ClInclude>
    <ClInclude Include="..\src\miomusic.h">
      <Filter>Header Files</Filter>
    </ClInclude>
    <ClInclude Include="..\src\mionet.h">
      <Filter>Header Files</Filter>
    </ClInclude>
    <ClInclude Include="..\src\miopc.h">
      <Filter>Header Files</Filter>
    </ClInclude>
    <ClInclude Include="..\src\miopic.h">
      <Filter>Header Files</Filter>
    </ClInclude>
    <ClInclude Include="..\src\miorgb.h">
      <Filter>Header Files</Filter>
    </ClInclude>
    <ClInclude Include="..\src\miosprite.h">
      <Filter>Header Files</Filter>
    </ClInclude>
    <ClInclude Include="..\src\miosys.h">
      <Filter>Header Files</Filter>
    </ClInclude>
    <ClInclude Include="..\src\miotext.h">
      <Filter>Header Files</Filter>
    </ClInclude>
    <ClInclude Include="..\src\miotime.h">
      <Filter>Header Files</Filter>
    </ClInclude>
    <ClInclude Include="..\src\miotypes.h">
      <Filter>Header Files</Filter>
    </ClInclude>
    <ClInclude Include="..\src\mioview.h">
      <Filter>Header Files</Filter>
    </ClInclude>
    <ClInclude Include="..\src\miowin.h">
      <Filter>Header Files</Filter>
    </ClInclude>
    <ClInclude Include="..\src\miowindlg.h">
      <Filter>Header Files</Filter>
    </ClInclude>
    <ClInclude Include="..\src\miowindow.h">
      <Filter>Header Files</Filter>
    </ClInclude>
    <ClInclude Include="..\src\miowingraph.h">
      <Filter>Header Files</Filter>
    </ClInclude>
    <ClInclude Include="..\src\miowintext.h">
      <Filter>Header Files</Filter>
    </ClInclude>
    <ClInclude Include="..\src\turing.h">
      <Filter>Header Files</Filter>
    </ClInclude>
    <ClInclude Include="..\src\hashmap.h">
      <Filter>Header Files</Filter>
    </ClInclude>
    <ClInclude Include="..\src\miohashmap.h">
      <Filter>Header Files</Filter>
    </ClInclude>
    <ClInclude Include="..\src\mioglgraph.h">
      <Filter>Header Files</Filter>
    </ClInclude>
  </ItemGroup>
</Project>