<?xml version="1.0" encoding="utf-8"?>
<Project ToolsVersion="4.0" xmlns="http://schemas.microsoft.com/developer/msbuild/2003">
  <ItemGroup>
    <Filter Include="Source Files">
      <UniqueIdentifier>{2bae9743-7117-4412-9db6-96e040c0b98b}</UniqueIdentifier>
      <Extensions>cpp;c;cxx;rc;def;r;odl;idl;hpj;bat</Extensions>
    </Filter>
    <Filter Include="Header Files">
      <UniqueIdentifier>{19973386-f1da-49db-9612-b15301d0fbeb}</UniqueIdentifier>
      <Extensions>h;hpp;hxx;hm;inl</Extensions>
    </Filter>
  </ItemGroup>
  <ItemGroup>
    <ClCompile Include="..\tlib\main.c">
      <Filter>Source Files</Filter>
    </ClCompile>
    <ClCompile Include="..\tlib\TL.c">
      <Filter>Source Files</Filter>
    </ClCompile>
    <ClCompile Include="..\tlib\TLA.c">
      <Filter>Source Files</Filter>
    </ClCompile>
    <ClCompile Include="..\tlib\TLA4AD.c">
      <Filter>Source Files</Filter>
    </ClCompile>
    <ClCompile Include="..\tlib\TLA4CM.c">
      <Filter>Source Files</Filter>
    </ClCompile>
    <ClCompile Include="..\tlib\TLA4DN.c">
      <Filter>Source Files</Filter>
    </ClCompile>
    <ClCompile Include="..\tlib\TLA4DV.c">
      <Filter>Source Files</Filter>
    </ClCompile>
    <ClCompile Include="..\tlib\TLA4ML.c">
      <Filter>Source Files</Filter>
    </ClCompile>
    <ClCompile Include="..\tlib\TLA4MN.c">
      <Filter>Source Files</Filter>
    </ClCompile>
    <ClCompile Include="..\tlib\TLA4MX.c">
      <Filter>Source Files</Filter>
    </ClCompile>
    <ClCompile Include="..\tlib\TLA8AD.c">
      <Filter>Source Files</Filter>
    </ClCompile>
    <ClCompile Include="..\tlib\TLA8CD.c">
      <Filter>Source Files</Filter>
    </ClCompile>
    <ClCompile Include="..\tlib\TLA8CL.c">
      <Filter>Source Files</Filter>
    </ClCompile>
    <ClCompile Include="..\tlib\TLA8CM.c">
      <Filter>Source Files</Filter>
    </ClCompile>
    <ClCompile Include="..\tlib\TLA8CR.c">
      <Filter>Source Files</Filter>
    </ClCompile>
    <ClCompile Include="..\tlib\TLA8DN.c">
      <Filter>Source Files</Filter>
    </ClCompile>
    <ClCompile Include="..\tlib\TLA8DV.c">
      <Filter>Source Files</Filter>
    </ClCompile>
    <ClCompile Include="..\tlib\TLA8FL.c">
      <Filter>Source Files</Filter>
    </ClCompile>
    <ClCompile Include="..\tlib\TLA8GX.c">
      <Filter>Source Files</Filter>
    </ClCompile>
    <ClCompile Include="..\tlib\TLA8LN.c">
      <Filter>Source Files</Filter>
    </ClCompile>
    <ClCompile Include="..\tlib\TLA8MD.c">
      <Filter>Source Files</Filter>
    </ClCompile>
    <ClCompile Include="..\tlib\TLA8ML.c">
      <Filter>Source Files</Filter>
    </ClCompile>
    <ClCompile Include="..\tlib\TLA8MN.c">
      <Filter>Source Files</Filter>
    </ClCompile>
    <ClCompile Include="..\tlib\TLA8MX.c">
      <Filter>Source Files</Filter>
    </ClCompile>
    <ClCompile Include="..\tlib\TLA8QR.c">
      <Filter>Source Files</Filter>
    </ClCompile>
    <ClCompile Include="..\tlib\TLA8RD.c">
      <Filter>Source Files</Filter>
    </ClCompile>
    <ClCompile Include="..\tlib\TLA8RE.c">
      <Filter>Source Files</Filter>
    </ClCompile>
    <ClCompile Include="..\tlib\TLA8SD.c">
      <Filter>Source Files</Filter>
    </ClCompile>
    <ClCompile Include="..\tlib\TLA8SG.c">
      <Filter>Source Files</Filter>
    </ClCompile>
    <ClCompile Include="..\tlib\TLA8SR.c">
      <Filter>Source Files</Filter>
    </ClCompile>
    <ClCompile Include="..\tlib\TLA8SX.c">
      <Filter>Source Files</Filter>
    </ClCompile>
    <ClCompile Include="..\tlib\TLA8T.c">
      <Filter>Source Files</Filter>
    </ClCompile>
    <ClCompile Include="..\tlib\TLA8TD.c">
      <Filter>Source Files</Filter>
    </ClCompile>
    <ClCompile Include="..\tlib\TLA8TR.c">
      <Filter>Source Files</Filter>
    </ClCompile>
    <ClCompile Include="..\tlib\TLA8X.c">
      <Filter>Source Files</Filter>
    </ClCompile>
    <ClCompile Include="..\tlib\TLA8XP.c">
      <Filter>Source Files</Filter>
    </ClCompile>
    <ClCompile Include="..\tlib\TLAIMD.c">
      <Filter>Source Files</Filter>
    </ClCompile>
    <ClCompile Include="..\tlib\TLAIMN.c">
      <Filter>Source Files</Filter>
    </ClCompile>
    <ClCompile Include="..\tlib\TLAIMX.c">
      <Filter>Source Files</Filter>
    </ClCompile>
    <ClCompile Include="..\tlib\TLANMD.c">
      <Filter>Source Files</Filter>
    </ClCompile>
    <ClCompile Include="..\tlib\TLAPII.c">
      <Filter>Source Files</Filter>
    </ClCompile>
    <ClCompile Include="..\tlib\TLAPRI.c">
      <Filter>Source Files</Filter>
    </ClCompile>
    <ClCompile Include="..\tlib\TLAPRR.c">
      <Filter>Source Files</Filter>
    </ClCompile>
    <ClCompile Include="..\tlib\TLARNI.c">
      <Filter>Source Files</Filter>
    </ClCompile>
    <ClCompile Include="..\tlib\TLARNR.c">
      <Filter>Source Files</Filter>
    </ClCompile>
    <ClCompile Include="..\tlib\TLARNZ.c">
      <Filter>Source Files</Filter>
    </ClCompile>
    <ClCompile Include="..\tlib\TLARSC.c">
      <Filter>Source Files</Filter>
    </ClCompile>
    <ClCompile Include="..\tlib\TLARSR.c">
      <Filter>Source Files</Filter>
    </ClCompile>
    <ClCompile Include="..\tlib\TLARSZ.c">
      <Filter>Source Files</Filter>
    </ClCompile>
    <ClCompile Include="..\tlib\TLARZ.c">
      <Filter>Source Files</Filter>
    </ClCompile>
    <ClCompile Include="..\tlib\TLAV48.c">
      <Filter>Source Files</Filter>
    </ClCompile>
    <ClCompile Include="..\tlib\TLAV84.c">
      <Filter>Source Files</Filter>
    </ClCompile>
    <ClCompile Include="..\tlib\TLAV8D.c">
      <Filter>Source Files</Filter>
    </ClCompile>
    <ClCompile Include="..\tlib\TLAVD8.c">
      <Filter>Source Files</Filter>
    </ClCompile>
    <ClCompile Include="..\tlib\TLAVES.c">
      <Filter>Source Files</Filter>
    </ClCompile>
    <ClCompile Include="..\tlib\TLAVFS.c">
      <Filter>Source Files</Filter>
    </ClCompile>
    <ClCompile Include="..\tlib\TLAVI4.c">
      <Filter>Source Files</Filter>
    </ClCompile>
    <ClCompile Include="..\tlib\TLAVI8.c">
      <Filter>Source Files</Filter>
    </ClCompile>
    <ClCompile Include="..\tlib\TLAVN4.c">
      <Filter>Source Files</Filter>
    </ClCompile>
    <ClCompile Include="..\tlib\TLAVN8.c">
      <Filter>Source Files</Filter>
    </ClCompile>
    <ClCompile Include="..\tlib\TLAVRS.c">
      <Filter>Source Files</Filter>
    </ClCompile>
    <ClCompile Include="..\tlib\TLAVS8.c">
      <Filter>Source Files</Filter>
    </ClCompile>
    <ClCompile Include="..\tlib\TLAVSI.c">
      <Filter>Source Files</Filter>
    </ClCompile>
    <ClCompile Include="..\tlib\TLAVSN.c">
      <Filter>Source Files</Filter>
    </ClCompile>
    <ClCompile Include="..\tlib\TLB.c">
      <Filter>Source Files</Filter>
    </ClCompile>
    <ClCompile Include="..\tlib\TLBALL.c">
      <Filter>Source Files</Filter>
    </ClCompile>
    <ClCompile Include="..\tlib\TLBDAL.c">
      <Filter>Source Files</Filter>
    </ClCompile>
    <ClCompile Include="..\tlib\TLBFRC.c">
      <Filter>Source Files</Filter>
    </ClCompile>
    <ClCompile Include="..\tlib\TLBFRU.c">
      <Filter>Source Files</Filter>
    </ClCompile>
    <ClCompile Include="..\tlib\TLBNWC.c">
      <Filter>Source Files</Filter>
    </ClCompile>
    <ClCompile Include="..\tlib\TLBNWU.c">
      <Filter>Source Files</Filter>
    </ClCompile>
    <ClCompile Include="..\tlib\TLBUNI.c">
      <Filter>Source Files</Filter>
    </ClCompile>
    <ClCompile Include="..\tlib\TLBUNR.c">
      <Filter>Source Files</Filter>
    </ClCompile>
    <ClCompile Include="..\tlib\TLBUUN.c">
      <Filter>Source Files</Filter>
    </ClCompile>
    <ClCompile Include="..\tlib\TLC.c">
      <Filter>Source Files</Filter>
    </ClCompile>
    <ClCompile Include="..\tlib\TLCALL.c">
      <Filter>Source Files</Filter>
    </ClCompile>
    <ClCompile Include="..\tlib\TLCCLR.c">
      <Filter>Source Files</Filter>
    </ClCompile>
    <ClCompile Include="..\tlib\TLCCON.c">
      <Filter>Source Files</Filter>
    </ClCompile>
    <ClCompile Include="..\tlib\TLCDIF.c">
      <Filter>Source Files</Filter>
    </ClCompile>
    <ClCompile Include="..\tlib\TLCEQ.c">
      <Filter>Source Files</Filter>
    </ClCompile>
    <ClCompile Include="..\tlib\TLCGEQ.c">
      <Filter>Source Files</Filter>
    </ClCompile>
    <ClCompile Include="..\tlib\TLCIN.c">
      <Filter>Source Files</Filter>
    </ClCompile>
    <ClCompile Include="..\tlib\TLCINT.c">
      <Filter>Source Files</Filter>
    </ClCompile>
    <ClCompile Include="..\tlib\TLCLEQ.c">
      <Filter>Source Files</Filter>
    </ClCompile>
    <ClCompile Include="..\tlib\TLCNEQ.c">
      <Filter>Source Files</Filter>
    </ClCompile>
    <ClCompile Include="..\tlib\TLCUN.c">
      <Filter>Source Files</Filter>
    </ClCompile>
    <ClCompile Include="..\tlib\TLCXOR.c">
      <Filter>Source Files</Filter>
    </ClCompile>
    <ClCompile Include="..\tlib\TLdata.c">
      <Filter>Source Files</Filter>
    </ClCompile>
    <ClCompile Include="..\tlib\TLE.c">
      <Filter>Source Files</Filter>
    </ClCompile>
    <ClCompile Include="..\tlib\TLEABT.c">
      <Filter>Source Files</Filter>
    </ClCompile>
    <ClCompile Include="..\tlib\TLECR.c">
      <Filter>Source Files</Filter>
    </ClCompile>
    <ClCompile Include="..\tlib\TLECRL.c">
      <Filter>Source Files</Filter>
    </ClCompile>
    <ClCompile Include="..\tlib\TLECRS.c">
      <Filter>Source Files</Filter>
    </ClCompile>
    <ClCompile Include="..\tlib\TLEDH.c">
      <Filter>Source Files</Filter>
    </ClCompile>
    <ClCompile Include="..\tlib\TLEH.c">
      <Filter>Source Files</Filter>
    </ClCompile>
    <ClCompile Include="..\tlib\TLEHE.c">
      <Filter>Source Files</Filter>
    </ClCompile>
    <ClCompile Include="..\tlib\TLEHX.c">
      <Filter>Source Files</Filter>
    </ClCompile>
    <ClCompile Include="..\tlib\TLELF.c">
      <Filter>Source Files</Filter>
    </ClCompile>
    <ClCompile Include="..\tlib\TLEQUIT.c">
      <Filter>Source Files</Filter>
    </ClCompile>
    <ClCompile Include="..\tlib\TLETR.c">
      <Filter>Source Files</Filter>
    </ClCompile>
    <ClCompile Include="..\tlib\TLI.c">
      <Filter>Source Files</Filter>
    </ClCompile>
    <ClCompile Include="..\tlib\TLICL.c">
      <Filter>Source Files</Filter>
    </ClCompile>
    <ClCompile Include="..\tlib\TLIEFR.c">
      <Filter>Source Files</Filter>
    </ClCompile>
    <ClCompile Include="..\tlib\TLIEOF.c">
      <Filter>Source Files</Filter>
    </ClCompile>
    <ClCompile Include="..\tlib\TLIFA.c">
      <Filter>Source Files</Filter>
    </ClCompile>
    <ClCompile Include="..\tlib\TLIFS.c">
      <Filter>Source Files</Filter>
    </ClCompile>
    <ClCompile Include="..\tlib\TLIGC.c">
      <Filter>Source Files</Filter>
    </ClCompile>
    <ClCompile Include="..\tlib\TLIGCB.c">
      <Filter>Source Files</Filter>
    </ClCompile>
    <ClCompile Include="..\tlib\TLIGF.c">
      <Filter>Source Files</Filter>
    </ClCompile>
    <ClCompile Include="..\tlib\TLIGI.c">
      <Filter>Source Files</Filter>
    </ClCompile>
    <ClCompile Include="..\tlib\TLIGIB.c">
      <Filter>Source Files</Filter>
    </ClCompile>
    <ClCompile Include="..\tlib\TLIGK.c">
      <Filter>Source Files</Filter>
    </ClCompile>
    <ClCompile Include="..\tlib\TLIGN.c">
      <Filter>Source Files</Filter>
    </ClCompile>
    <ClCompile Include="..\tlib\TLIGR.c">
      <Filter>Source Files</Filter>
    </ClCompile>
    <ClCompile Include="..\tlib\TLIGS.c">
      <Filter>Source Files</Filter>
    </ClCompile>
    <ClCompile Include="..\tlib\TLIGSS.c">
      <Filter>Source Files</Filter>
    </ClCompile>
    <ClCompile Include="..\tlib\TLIGSW.c">
      <Filter>Source Files</Filter>
    </ClCompile>
    <ClCompile Include="..\tlib\TLIGT.c">
      <Filter>Source Files</Filter>
    </ClCompile>
    <ClCompile Include="..\tlib\TLIOA.c">
      <Filter>Source Files</Filter>
    </ClCompile>
    <ClCompile Include="..\tlib\TLIOF.c">
      <Filter>Source Files</Filter>
    </ClCompile>
    <ClCompile Include="..\tlib\TLIOP.c">
      <Filter>Source Files</Filter>
    </ClCompile>
    <ClCompile Include="..\tlib\tlios.c">
      <Filter>Source Files</Filter>
    </ClCompile>
    <ClCompile Include="..\tlib\TLIPC.c">
      <Filter>Source Files</Filter>
    </ClCompile>
    <ClCompile Include="..\tlib\TLIPE.c">
      <Filter>Source Files</Filter>
    </ClCompile>
    <ClCompile Include="..\tlib\TLIPF.c">
      <Filter>Source Files</Filter>
    </ClCompile>
    <ClCompile Include="..\tlib\TLIPI.c">
      <Filter>Source Files</Filter>
    </ClCompile>
    <ClCompile Include="..\tlib\TLIPK.c">
      <Filter>Source Files</Filter>
    </ClCompile>
    <ClCompile Include="..\tlib\TLIPN.c">
      <Filter>Source Files</Filter>
    </ClCompile>
    <ClCompile Include="..\tlib\TLIPR.c">
      <Filter>Source Files</Filter>
    </ClCompile>
    <ClCompile Include="..\tlib\TLIPS.c">
      <Filter>Source Files</Filter>
    </ClCompile>
    <ClCompile Include="..\tlib\TLIRE.c">
      <Filter>Source Files</Filter>
    </ClCompile>
    <ClCompile Include="..\tlib\TLIRER.c">
      <Filter>Source Files</Filter>
    </ClCompile>
    <ClCompile Include="..\tlib\TLISF.c">
      <Filter>Source Files</Filter>
    </ClCompile>
    <ClCompile Include="..\tlib\TLISK.c">
      <Filter>Source Files</Filter>
    </ClCompile>
    <ClCompile Include="..\tlib\TLISKE.c">
      <Filter>Source Files</Filter>
    </ClCompile>
    <ClCompile Include="..\tlib\TLISS.c">
      <Filter>Source Files</Filter>
    </ClCompile>
    <ClCompile Include="..\tlib\TLISSI.c">
      <Filter>Source Files</Filter>
    </ClCompile>
    <ClCompile Include="..\tlib\TLISSO.c">
      <Filter>Source Files</Filter>
    </ClCompile>
    <ClCompile Include="..\tlib\TLISSS.c">
      <Filter>Source Files</Filter>
    </ClCompile>
    <ClCompile Include="..\tlib\TLITL.c">
      <Filter>Source Files</Filter>
    </ClCompile>
    <ClCompile Include="..\tlib\TLIWR.c">
      <Filter>Source Files</Filter>
    </ClCompile>
    <ClCompile Include="..\tlib\TLIWRR.c">
      <Filter>Source Files</Filter>
    </ClCompile>
    <ClCompile Include="..\tlib\TLIZ.c">
      <Filter>Source Files</Filter>
    </ClCompile>
    <ClCompile Include="..\tlib\TLIZC.c">
      <Filter>Source Files</Filter>
    </ClCompile>
    <ClCompile Include="..\tlib\TLK.c">
      <Filter>Source Files</Filter>
    </ClCompile>
    <ClCompile Include="..\tlib\TLM.c">
      <Filter>Source Files</Filter>
    </ClCompile>
    <ClCompile Include="..\tlib\TLMCDINI.c">
      <Filter>Source Files</Filter>
    </ClCompile>
    <ClCompile Include="..\tlib\TLMCDSIG.c">
      <Filter>Source Files</Filter>
    </ClCompile>
    <ClCompile Include="..\tlib\TLMCDWT.c">
      <Filter>Source Files</Filter>
    </ClCompile>
    <ClCompile Include="..\tlib\TLMCEMP.c">
      <Filter>Source Files</Filter>
    </ClCompile>
    <ClCompile Include="..\tlib\TLMCFIN.c">
      <Filter>Source Files</Filter>
    </ClCompile>
    <ClCompile Include="..\tlib\TLMCLEN.c">
      <Filter>Source Files</Filter>
    </ClCompile>
    <ClCompile Include="..\tlib\TLMCPINI.c">
      <Filter>Source Files</Filter>
    </ClCompile>
    <ClCompile Include="..\tlib\TLMCPSIG.c">
      <Filter>Source Files</Filter>
    </ClCompile>
    <ClCompile Include="..\tlib\TLMCPWT.c">
      <Filter>Source Files</Filter>
    </ClCompile>
    <ClCompile Include="..\tlib\TLMCRINI.c">
      <Filter>Source Files</Filter>
    </ClCompile>
    <ClCompile Include="..\tlib\TLMCRSIG.c">
      <Filter>Source Files</Filter>
    </ClCompile>
    <ClCompile Include="..\tlib\TLMCRWT.c">
      <Filter>Source Files</Filter>
    </ClCompile>
    <ClCompile Include="..\tlib\TLMCTINI.c">
      <Filter>Source Files</Filter>
    </ClCompile>
    <ClCompile Include="..\tlib\TLMCTSIG.c">
      <Filter>Source Files</Filter>
    </ClCompile>
    <ClCompile Include="..\tlib\TLMCTWT.c">
      <Filter>Source Files</Filter>
    </ClCompile>
    <ClCompile Include="..\tlib\TLMDCTWT.c">
      <Filter>Source Files</Filter>
    </ClCompile>
    <ClCompile Include="..\tlib\TLMDENT.c">
      <Filter>Source Files</Filter>
    </ClCompile>
    <ClCompile Include="..\tlib\TLMDEXT.c">
      <Filter>Source Files</Filter>
    </ClCompile>
    <ClCompile Include="..\tlib\TLMDINI.c">
      <Filter>Source Files</Filter>
    </ClCompile>
    <ClCompile Include="..\tlib\TLMGNEP.c">
      <Filter>Source Files</Filter>
    </ClCompile>
    <ClCompile Include="..\tlib\TLMIPENT.c">
      <Filter>Source Files</Filter>
    </ClCompile>
    <ClCompile Include="..\tlib\TLMIPEXT.c">
      <Filter>Source Files</Filter>
    </ClCompile>
    <ClCompile Include="..\tlib\TLMIPINI.c">
      <Filter>Source Files</Filter>
    </ClCompile>
    <ClCompile Include="..\tlib\TLMRENT.c">
      <Filter>Source Files</Filter>
    </ClCompile>
    <ClCompile Include="..\tlib\TLMREXT.c">
      <Filter>Source Files</Filter>
    </ClCompile>
    <ClCompile Include="..\tlib\TLMRFIN.c">
      <Filter>Source Files</Filter>
    </ClCompile>
    <ClCompile Include="..\tlib\TLMRINI.c">
      <Filter>Source Files</Filter>
    </ClCompile>
    <ClCompile Include="..\tlib\TLMUDUMP.c">
      <Filter>Source Files</Filter>
    </ClCompile>
    <ClCompile Include="..\tlib\TLS.c">
      <Filter>Source Files</Filter>
    </ClCompile>
    <ClCompile Include="..\tlib\TLSASN.c">
      <Filter>Source Files</Filter>
    </ClCompile>
    <ClCompile Include="..\tlib\TLSBS.c">
      <Filter>Source Files</Filter>
    </ClCompile>
    <ClCompile Include="..\tlib\TLSBSS.c">
      <Filter>Source Files</Filter>
    </ClCompile>
    <ClCompile Include="..\tlib\TLSBSX.c">
      <Filter>Source Files</Filter>
    </ClCompile>
    <ClCompile Include="..\tlib\TLSBX.c">
      <Filter>Source Files</Filter>
    </ClCompile>
    <ClCompile Include="..\tlib\TLSBXS.c">
      <Filter>Source Files</Filter>
    </ClCompile>
    <ClCompile Include="..\tlib\TLSBXX.c">
      <Filter>Source Files</Filter>
    </ClCompile>
    <ClCompile Include="..\tlib\TLSCAT.c">
      <Filter>Source Files</Filter>
    </ClCompile>
    <ClCompile Include="..\tlib\TLSCSS.c">
      <Filter>Source Files</Filter>
    </ClCompile>
    <ClCompile Include="..\tlib\TLSCSX.c">
      <Filter>Source Files</Filter>
    </ClCompile>
    <ClCompile Include="..\tlib\TLSCTA.c">
      <Filter>Source Files</Filter>
    </ClCompile>
    <ClCompile Include="..\tlib\TLSCXS.c">
      <Filter>Source Files</Filter>
    </ClCompile>
    <ClCompile Include="..\tlib\TLSCXX.c">
      <Filter>Source Files</Filter>
    </ClCompile>
    <ClCompile Include="..\tlib\TLSDEL.c">
      <Filter>Source Files</Filter>
    </ClCompile>
    <ClCompile Include="..\tlib\TLSIND.c">
      <Filter>Source Files</Filter>
    </ClCompile>
    <ClCompile Include="..\tlib\TLSLEN.c">
      <Filter>Source Files</Filter>
    </ClCompile>
    <ClCompile Include="..\tlib\TLSMCC.c">
      <Filter>Source Files</Filter>
    </ClCompile>
    <ClCompile Include="..\tlib\TLSMCS.c">
      <Filter>Source Files</Filter>
    </ClCompile>
    <ClCompile Include="..\tlib\TLSMSC.c">
      <Filter>Source Files</Filter>
    </ClCompile>
    <ClCompile Include="..\tlib\TLSMSS.c">
      <Filter>Source Files</Filter>
    </ClCompile>
    <ClCompile Include="..\tlib\TLSREC.c">
      <Filter>Source Files</Filter>
    </ClCompile>
    <ClCompile Include="..\tlib\TLSRES.c">
      <Filter>Source Files</Filter>
    </ClCompile>
    <ClCompile Include="..\tlib\TLSRPT.c">
      <Filter>Source Files</Filter>
    </ClCompile>
    <ClCompile Include="..\tlib\TLSVCS.c">
      <Filter>Source Files</Filter>
    </ClCompile>
    <ClCompile Include="..\tlib\TLSVES.c">
      <Filter>Source Files</Filter>
    </ClCompile>
    <ClCompile Include="..\tlib\TLSVFS.c">
      <Filter>Source Files</Filter>
    </ClCompile>
    <ClCompile Include="..\tlib\TLSVIS.c">
      <Filter>Source Files</Filter>
    </ClCompile>
    <ClCompile Include="..\tlib\TLSVNS.c">
      <Filter>Source Files</Filter>
    </ClCompile>
    <ClCompile Include="..\tlib\TLSVRS.c">
      <Filter>Source Files</Filter>
    </ClCompile>
    <ClCompile Include="..\tlib\TLSVS8.c">
      <Filter>Source Files</Filter>
    </ClCompile>
    <ClCompile Include="..\tlib\TLSVSI.c">
      <Filter>Source Files</Filter>
    </ClCompile>
    <ClCompile Include="..\tlib\TLSVSN.c">
      <Filter>Source Files</Filter>
    </ClCompile>
    <ClCompile Include="..\tlib\TLX.c">
      <Filter>Source Files</Filter>
    </ClCompile>
  </ItemGroup>
  <ItemGroup>
    <None Include="..\tlib\include\cinterface">
      <Filter>Header Files</Filter>
    </None>
    <None Include="..\tlib\include\kernelTypes">
      <Filter>Header Files</Filter>
    </None>
    <None Include="..\tlib\include\memory">
      <Filter>Header Files</Filter>
    </None>
  </ItemGroup>
</Project>